
Microsoft Visual Studio Solution File, Format Version 12.00
# Visual Studio 2012
Project("{FAE04EC0-301F-11D3-BF4B-00C04F79EFBC}") = "Break'em All", "Break'em All\Break'em All\Break'em All.csproj", "{8E9334A8-AC1C-4BAB-9709-C04896B34B17}"
EndProject
Project("{96E2B04D-8817-42C6-938A-82C39BA4D311}") = "Break'em AllContent", "Break'em All\Break'em AllContent\Break'em AllContent.contentproj", "{4D20F912-7F3B-48F2-8E14-28EA990CD8E3}"
EndProject
Global
	GlobalSection(SolutionConfigurationPlatforms) = preSolution
		Debug|Windows Phone = Debug|Windows Phone
		Release|Windows Phone = Release|Windows Phone
	EndGlobalSection
	GlobalSection(ProjectConfigurationPlatforms) = postSolution
		{8E9334A8-AC1C-4BAB-9709-C04896B34B17}.Debug|Windows Phone.ActiveCfg = Debug|Windows Phone
		{8E9334A8-AC1C-4BAB-9709-C04896B34B17}.Debug|Windows Phone.Build.0 = Debug|Windows Phone
		{8E9334A8-AC1C-4BAB-9709-C04896B34B17}.Debug|Windows Phone.Deploy.0 = Debug|Windows Phone
		{8E9334A8-AC1C-4BAB-9709-C04896B34B17}.Release|Windows Phone.ActiveCfg = Release|Windows Phone
		{8E9334A8-AC1C-4BAB-9709-C04896B34B17}.Release|Windows Phone.Build.0 = Release|Windows Phone
		{8E9334A8-AC1C-4BAB-9709-C04896B34B17}.Release|Windows Phone.Deploy.0 = Release|Windows Phone
		{4D20F912-7F3B-48F2-8E14-28EA990CD8E3}.Debug|Windows Phone.ActiveCfg = Debug|Windows Phone
		{4D20F912-7F3B-48F2-8E14-28EA990CD8E3}.Release|Windows Phone.ActiveCfg = Release|Windows Phone
	EndGlobalSection
	GlobalSection(SolutionProperties) = preSolution
		HideSolutionNode = FALSE
	EndGlobalSection
EndGlobal
